# This file is automatically @generated by Cargo.
# It is not intended for manual editing.
version = 4

[[package]]
name = "core"
version = "0.0.0"

[[package]]
name = "generated"
version = "0.0.0"
dependencies = [
 "generator",
]

[[package]]
name = "generator"
version = "0.0.0"
dependencies = [
 "core",
]

[[package]]
name = "movegen"
version = "0.0.0"
dependencies = [
 "core",
 "generated",
]

[[package]]
name = "perft"
version = "0.1.0"
dependencies = [
 "core",
 "movegen",
]

[[package]]
name = "tui"
version = "0.1.0"
dependencies = [
 "core",
 "movegen",
]
